// !$*UTF8*$!
{
	archiveVersion = 1;
	classes = {
	};
	objectVersion = 46;
	objects = {

/* Begin PBXBuildFile section */
		08783A2A1784A9AC0071AC1C /* uninstall.sh in Resources */ = {isa = PBXBuildFile; fileRef = 08783A291784A9AC0071AC1C /* uninstall.sh */; };
		08783A2E1785D5450071AC1C /* gnome-terminal.png in Resources */ = {isa = PBXBuildFile; fileRef = 08783A2D1785D5450071AC1C /* gnome-terminal.png */; };
		08783A301785D7250071AC1C /* power-control.png in Resources */ = {isa = PBXBuildFile; fileRef = 08783A2F1785D7250071AC1C /* power-control.png */; };
		089C2B971776194D001530DF /* tokaido-bin.zip in Resources */ = {isa = PBXBuildFile; fileRef = 089C2B961776194D001530DF /* tokaido-bin.zip */; };
		08A60A6417564F6A00197C27 /* 2.0.0-p195.zip in Resources */ = {isa = PBXBuildFile; fileRef = 08A60A6317564F6A00197C27 /* 2.0.0-p195.zip */; };
		08A60A6517564F7900197C27 /* 2.0.0-p195.zip in CopyFiles */ = {isa = PBXBuildFile; fileRef = 08A60A6317564F6A00197C27 /* 2.0.0-p195.zip */; };
		2ED0D0CF3BDF47DBAFB3E8FC /* libPods.a in Frameworks */ = {isa = PBXBuildFile; fileRef = 7523D448445F475BB439A142 /* libPods.a */; };
		3A19ECCD163F5B5C0035ABA2 /* Security.framework in Frameworks */ = {isa = PBXBuildFile; fileRef = 3A19ECCC163F5B5C0035ABA2 /* Security.framework */; };
		3A19ECCF163F5B610035ABA2 /* ServiceManagement.framework in Frameworks */ = {isa = PBXBuildFile; fileRef = 3A19ECCE163F5B610035ABA2 /* ServiceManagement.framework */; };
		3A19ECE616406F5B0035ABA2 /* TKDSelectableIcon.m in Sources */ = {isa = PBXBuildFile; fileRef = 3A19ECE516406F5B0035ABA2 /* TKDSelectableIcon.m */; };
		3A19ECE91640734F0035ABA2 /* TKAppIconBackground.png in Resources */ = {isa = PBXBuildFile; fileRef = 3A19ECE71640734F0035ABA2 /* TKAppIconBackground.png */; };
		3A19ECEA1640734F0035ABA2 /* TKAppIconBackground@2x.png in Resources */ = {isa = PBXBuildFile; fileRef = 3A19ECE81640734F0035ABA2 /* TKAppIconBackground@2x.png */; };
		3A19ECED1640777E0035ABA2 /* TKIconRuby.png in Resources */ = {isa = PBXBuildFile; fileRef = 3A19ECEB1640777E0035ABA2 /* TKIconRuby.png */; };
		3A19ECEE1640777E0035ABA2 /* TKIconRuby@2x.png in Resources */ = {isa = PBXBuildFile; fileRef = 3A19ECEC1640777E0035ABA2 /* TKIconRuby@2x.png */; };
		3AD6930C16373C9F005AF81E /* Cocoa.framework in Frameworks */ = {isa = PBXBuildFile; fileRef = 3AD6930B16373C9F005AF81E /* Cocoa.framework */; };
		3AD6931616373C9F005AF81E /* InfoPlist.strings in Resources */ = {isa = PBXBuildFile; fileRef = 3AD6931416373C9F005AF81E /* InfoPlist.strings */; };
		3AD6931816373C9F005AF81E /* main.m in Sources */ = {isa = PBXBuildFile; fileRef = 3AD6931716373C9F005AF81E /* main.m */; };
		3AD6931C16373C9F005AF81E /* Credits.rtf in Resources */ = {isa = PBXBuildFile; fileRef = 3AD6931A16373C9F005AF81E /* Credits.rtf */; };
		3AD6931F16373C9F005AF81E /* TKDAppDelegate.m in Sources */ = {isa = PBXBuildFile; fileRef = 3AD6931E16373C9F005AF81E /* TKDAppDelegate.m */; };
		3AD6932216373C9F005AF81E /* MainMenu.xib in Resources */ = {isa = PBXBuildFile; fileRef = 3AD6932016373C9F005AF81E /* MainMenu.xib */; };
		3AD6932A16373C9F005AF81E /* SenTestingKit.framework in Frameworks */ = {isa = PBXBuildFile; fileRef = 3AD6932916373C9F005AF81E /* SenTestingKit.framework */; };
		3AD6932B16373C9F005AF81E /* Cocoa.framework in Frameworks */ = {isa = PBXBuildFile; fileRef = 3AD6930B16373C9F005AF81E /* Cocoa.framework */; };
		3AD6933316373C9F005AF81E /* InfoPlist.strings in Resources */ = {isa = PBXBuildFile; fileRef = 3AD6933116373C9F005AF81E /* InfoPlist.strings */; };
		3AD6933616373C9F005AF81E /* TokaidoTests.m in Sources */ = {isa = PBXBuildFile; fileRef = 3AD6933516373C9F005AF81E /* TokaidoTests.m */; };
		3AD693451637436E005AF81E /* TKDTokaidoController.m in Sources */ = {isa = PBXBuildFile; fileRef = 3AD693441637436E005AF81E /* TKDTokaidoController.m */; };
		3AD6934B16374795005AF81E /* ScriptingBridge.framework in Frameworks */ = {isa = PBXBuildFile; fileRef = 3AD6934A16374795005AF81E /* ScriptingBridge.framework */; };
		3AD6934D16374989005AF81E /* SetupTokaido.sh in Resources */ = {isa = PBXBuildFile; fileRef = 3AD6934C16374989005AF81E /* SetupTokaido.sh */; };
		3AD694E21639F9D5005AF81E /* TKDAppViewItem.xib in Resources */ = {isa = PBXBuildFile; fileRef = 3AD694E11639F9D5005AF81E /* TKDAppViewItem.xib */; };
		3AD694E6163A1475005AF81E /* TKDApp.m in Sources */ = {isa = PBXBuildFile; fileRef = 3AD694E5163A1475005AF81E /* TKDApp.m */; };
		3AD69509163B4093005AF81E /* TKDAppViewItem.m in Sources */ = {isa = PBXBuildFile; fileRef = 3AD69508163B4093005AF81E /* TKDAppViewItem.m */; };
		C545BDBB178346D900DACCBD /* TKDTask.m in Sources */ = {isa = PBXBuildFile; fileRef = C545BDBA178346D900DACCBD /* TKDTask.m */; };
		C545BDBC178346D900DACCBD /* TKDTask.m in Sources */ = {isa = PBXBuildFile; fileRef = C545BDBA178346D900DACCBD /* TKDTask.m */; };
		CD1FCB88169D066C00FB7E36 /* Tokaido.icns in Resources */ = {isa = PBXBuildFile; fileRef = CD1FCB87169D066C00FB7E36 /* Tokaido.icns */; };
		CD1FCB8C169D0DCF00FB7E36 /* Green@2x.png in Resources */ = {isa = PBXBuildFile; fileRef = CD1FCB89169D0DCE00FB7E36 /* Green@2x.png */; };
		CD1FCB8D169D0DCF00FB7E36 /* Red@2x.png in Resources */ = {isa = PBXBuildFile; fileRef = CD1FCB8A169D0DCF00FB7E36 /* Red@2x.png */; };
		CD1FCB8E169D0DCF00FB7E36 /* Yellow@2x.png in Resources */ = {isa = PBXBuildFile; fileRef = CD1FCB8B169D0DCF00FB7E36 /* Yellow@2x.png */; };
		CD5A8934170B84EA00217D8A /* Yellow.png in Resources */ = {isa = PBXBuildFile; fileRef = CD5A8933170B84EA00217D8A /* Yellow.png */; };
		CD5A8937170CC4E900217D8A /* TKDMuxrManager.m in Sources */ = {isa = PBXBuildFile; fileRef = CD5A8936170CC4E900217D8A /* TKDMuxrManager.m */; };
		CD5A8980171380A600217D8A /* TKDEditAppController.m in Sources */ = {isa = PBXBuildFile; fileRef = CD5A897F171380A500217D8A /* TKDEditAppController.m */; };
		CD5A8982171380E500217D8A /* EditAppWindow.xib in Resources */ = {isa = PBXBuildFile; fileRef = CD5A8981171380E500217D8A /* EditAppWindow.xib */; };
		CD5A898A1714F0AC00217D8A /* Quartz.framework in Frameworks */ = {isa = PBXBuildFile; fileRef = CD5A89891714F0AC00217D8A /* Quartz.framework */; };
		CD5A898E171CC96000217D8A /* tokaido-bootstrap.zip in Resources */ = {isa = PBXBuildFile; fileRef = CD5A898D171CC96000217D8A /* tokaido-bootstrap.zip */; };
		CD8285A916559A9D000CB252 /* TKDRailsAppTokenField.m in Sources */ = {isa = PBXBuildFile; fileRef = CD8285A816559A9D000CB252 /* TKDRailsAppTokenField.m */; };
		CD8285AD16559D96000CB252 /* Green.png in Resources */ = {isa = PBXBuildFile; fileRef = CD8285AA16559D96000CB252 /* Green.png */; };
		CD8285AE16559D96000CB252 /* Red.png in Resources */ = {isa = PBXBuildFile; fileRef = CD8285AB16559D96000CB252 /* Red.png */; };
		CD8285B11655A696000CB252 /* down_arrow.png in Resources */ = {isa = PBXBuildFile; fileRef = CD8285B01655A696000CB252 /* down_arrow.png */; };
		CD8285DF1655B7DF000CB252 /* TKDAppCollectionView.m in Sources */ = {isa = PBXBuildFile; fileRef = CD8285DD1655B670000CB252 /* TKDAppCollectionView.m */; };
		CDA9B856172B42E30027E78B /* llvm-gcc-4.2.zip in Resources */ = {isa = PBXBuildFile; fileRef = CDA9B855172B42E30027E78B /* llvm-gcc-4.2.zip */; };
		CDB963F617288901002A8A43 /* tokaido-gems.zip in Resources */ = {isa = PBXBuildFile; fileRef = CDB963F517288901002A8A43 /* tokaido-gems.zip */; };
/* End PBXBuildFile section */

/* Begin PBXContainerItemProxy section */
		3AD6932C16373C9F005AF81E /* PBXContainerItemProxy */ = {
			isa = PBXContainerItemProxy;
			containerPortal = 3AD692FE16373C9F005AF81E /* Project object */;
			proxyType = 1;
			remoteGlobalIDString = 3AD6930616373C9F005AF81E;
			remoteInfo = Tokaido;
		};
/* End PBXContainerItemProxy section */

/* Begin PBXCopyFilesBuildPhase section */
		3AD6935116375C8F005AF81E /* CopyFiles */ = {
			isa = PBXCopyFilesBuildPhase;
			buildActionMask = 2147483647;
			dstPath = Rubies;
			dstSubfolderSpec = 7;
			files = (
				08A60A6517564F7900197C27 /* 2.0.0-p195.zip in CopyFiles */,
			);
			runOnlyForDeploymentPostprocessing = 0;
		};
/* End PBXCopyFilesBuildPhase section */

/* Begin PBXFileReference section */
		08783A291784A9AC0071AC1C /* uninstall.sh */ = {isa = PBXFileReference; fileEncoding = 4; lastKnownFileType = text.script.sh; path = uninstall.sh; sourceTree = "<group>"; };
		08783A2D1785D5450071AC1C /* gnome-terminal.png */ = {isa = PBXFileReference; lastKnownFileType = image.png; path = "gnome-terminal.png"; sourceTree = "<group>"; };
		08783A2F1785D7250071AC1C /* power-control.png */ = {isa = PBXFileReference; lastKnownFileType = image.png; path = "power-control.png"; sourceTree = "<group>"; };
		089C2B961776194D001530DF /* tokaido-bin.zip */ = {isa = PBXFileReference; lastKnownFileType = archive.zip; path = "tokaido-bin.zip"; sourceTree = "<group>"; };
		08A60A6317564F6A00197C27 /* 2.0.0-p195.zip */ = {isa = PBXFileReference; lastKnownFileType = archive.zip; path = "2.0.0-p195.zip"; sourceTree = "<group>"; };
		3A19ECCC163F5B5C0035ABA2 /* Security.framework */ = {isa = PBXFileReference; lastKnownFileType = wrapper.framework; name = Security.framework; path = System/Library/Frameworks/Security.framework; sourceTree = SDKROOT; };
		3A19ECCE163F5B610035ABA2 /* ServiceManagement.framework */ = {isa = PBXFileReference; lastKnownFileType = wrapper.framework; name = ServiceManagement.framework; path = System/Library/Frameworks/ServiceManagement.framework; sourceTree = SDKROOT; };
		3A19ECE416406F5B0035ABA2 /* TKDSelectableIcon.h */ = {isa = PBXFileReference; fileEncoding = 4; lastKnownFileType = sourcecode.c.h; path = TKDSelectableIcon.h; sourceTree = "<group>"; };
		3A19ECE516406F5B0035ABA2 /* TKDSelectableIcon.m */ = {isa = PBXFileReference; fileEncoding = 4; lastKnownFileType = sourcecode.c.objc; path = TKDSelectableIcon.m; sourceTree = "<group>"; };
		3A19ECE71640734F0035ABA2 /* TKAppIconBackground.png */ = {isa = PBXFileReference; lastKnownFileType = image.png; path = TKAppIconBackground.png; sourceTree = "<group>"; };
		3A19ECE81640734F0035ABA2 /* TKAppIconBackground@2x.png */ = {isa = PBXFileReference; lastKnownFileType = image.png; path = "TKAppIconBackground@2x.png"; sourceTree = "<group>"; };
		3A19ECEB1640777E0035ABA2 /* TKIconRuby.png */ = {isa = PBXFileReference; lastKnownFileType = image.png; path = TKIconRuby.png; sourceTree = "<group>"; };
		3A19ECEC1640777E0035ABA2 /* TKIconRuby@2x.png */ = {isa = PBXFileReference; lastKnownFileType = image.png; path = "TKIconRuby@2x.png"; sourceTree = "<group>"; };
		3AD6930716373C9F005AF81E /* Tokaido.app */ = {isa = PBXFileReference; explicitFileType = wrapper.application; includeInIndex = 0; path = Tokaido.app; sourceTree = BUILT_PRODUCTS_DIR; };
		3AD6930B16373C9F005AF81E /* Cocoa.framework */ = {isa = PBXFileReference; lastKnownFileType = wrapper.framework; name = Cocoa.framework; path = System/Library/Frameworks/Cocoa.framework; sourceTree = SDKROOT; };
		3AD6930E16373C9F005AF81E /* AppKit.framework */ = {isa = PBXFileReference; lastKnownFileType = wrapper.framework; name = AppKit.framework; path = System/Library/Frameworks/AppKit.framework; sourceTree = SDKROOT; };
		3AD6930F16373C9F005AF81E /* CoreData.framework */ = {isa = PBXFileReference; lastKnownFileType = wrapper.framework; name = CoreData.framework; path = System/Library/Frameworks/CoreData.framework; sourceTree = SDKROOT; };
		3AD6931016373C9F005AF81E /* Foundation.framework */ = {isa = PBXFileReference; lastKnownFileType = wrapper.framework; name = Foundation.framework; path = System/Library/Frameworks/Foundation.framework; sourceTree = SDKROOT; };
		3AD6931316373C9F005AF81E /* Tokaido-Info.plist */ = {isa = PBXFileReference; lastKnownFileType = text.plist.xml; path = "Tokaido-Info.plist"; sourceTree = "<group>"; };
		3AD6931516373C9F005AF81E /* en */ = {isa = PBXFileReference; lastKnownFileType = text.plist.strings; name = en; path = en.lproj/InfoPlist.strings; sourceTree = "<group>"; };
		3AD6931716373C9F005AF81E /* main.m */ = {isa = PBXFileReference; lastKnownFileType = sourcecode.c.objc; path = main.m; sourceTree = "<group>"; };
		3AD6931916373C9F005AF81E /* Tokaido-Prefix.pch */ = {isa = PBXFileReference; lastKnownFileType = sourcecode.c.h; path = "Tokaido-Prefix.pch"; sourceTree = "<group>"; };
		3AD6931B16373C9F005AF81E /* en */ = {isa = PBXFileReference; lastKnownFileType = text.rtf; name = en; path = en.lproj/Credits.rtf; sourceTree = "<group>"; };
		3AD6931D16373C9F005AF81E /* TKDAppDelegate.h */ = {isa = PBXFileReference; lastKnownFileType = sourcecode.c.h; path = TKDAppDelegate.h; sourceTree = "<group>"; };
		3AD6931E16373C9F005AF81E /* TKDAppDelegate.m */ = {isa = PBXFileReference; lastKnownFileType = sourcecode.c.objc; path = TKDAppDelegate.m; sourceTree = "<group>"; };
		3AD6932116373C9F005AF81E /* en */ = {isa = PBXFileReference; lastKnownFileType = file.xib; name = en; path = en.lproj/MainMenu.xib; sourceTree = "<group>"; };
		3AD6932816373C9F005AF81E /* TokaidoTests.octest */ = {isa = PBXFileReference; explicitFileType = wrapper.cfbundle; includeInIndex = 0; path = TokaidoTests.octest; sourceTree = BUILT_PRODUCTS_DIR; };
		3AD6932916373C9F005AF81E /* SenTestingKit.framework */ = {isa = PBXFileReference; lastKnownFileType = wrapper.framework; name = SenTestingKit.framework; path = Library/Frameworks/SenTestingKit.framework; sourceTree = DEVELOPER_DIR; };
		3AD6933016373C9F005AF81E /* TokaidoTests-Info.plist */ = {isa = PBXFileReference; lastKnownFileType = text.plist.xml; path = "TokaidoTests-Info.plist"; sourceTree = "<group>"; };
		3AD6933216373C9F005AF81E /* en */ = {isa = PBXFileReference; lastKnownFileType = text.plist.strings; name = en; path = en.lproj/InfoPlist.strings; sourceTree = "<group>"; };
		3AD6933416373C9F005AF81E /* TokaidoTests.h */ = {isa = PBXFileReference; lastKnownFileType = sourcecode.c.h; path = TokaidoTests.h; sourceTree = "<group>"; };
		3AD6933516373C9F005AF81E /* TokaidoTests.m */ = {isa = PBXFileReference; lastKnownFileType = sourcecode.c.objc; path = TokaidoTests.m; sourceTree = "<group>"; };
		3AD693431637436E005AF81E /* TKDTokaidoController.h */ = {isa = PBXFileReference; fileEncoding = 4; lastKnownFileType = sourcecode.c.h; path = TKDTokaidoController.h; sourceTree = "<group>"; };
		3AD693441637436E005AF81E /* TKDTokaidoController.m */ = {isa = PBXFileReference; fileEncoding = 4; lastKnownFileType = sourcecode.c.objc; path = TKDTokaidoController.m; sourceTree = "<group>"; };
		3AD69348163746B7005AF81E /* SystemEvents.h */ = {isa = PBXFileReference; fileEncoding = 4; lastKnownFileType = sourcecode.c.h; path = SystemEvents.h; sourceTree = "<group>"; };
		3AD69349163746B7005AF81E /* Terminal.h */ = {isa = PBXFileReference; fileEncoding = 4; lastKnownFileType = sourcecode.c.h; path = Terminal.h; sourceTree = "<group>"; };
		3AD6934A16374795005AF81E /* ScriptingBridge.framework */ = {isa = PBXFileReference; lastKnownFileType = wrapper.framework; name = ScriptingBridge.framework; path = System/Library/Frameworks/ScriptingBridge.framework; sourceTree = SDKROOT; };
		3AD6934C16374989005AF81E /* SetupTokaido.sh */ = {isa = PBXFileReference; fileEncoding = 4; lastKnownFileType = text.script.sh; path = SetupTokaido.sh; sourceTree = "<group>"; };
		3AD6934F16375589005AF81E /* 1.9.3-p194.zip */ = {isa = PBXFileReference; lastKnownFileType = archive.zip; path = "1.9.3-p194.zip"; sourceTree = "<group>"; };
		3AD694E11639F9D5005AF81E /* TKDAppViewItem.xib */ = {isa = PBXFileReference; fileEncoding = 4; lastKnownFileType = file.xib; path = TKDAppViewItem.xib; sourceTree = "<group>"; };
		3AD694E4163A1475005AF81E /* TKDApp.h */ = {isa = PBXFileReference; fileEncoding = 4; lastKnownFileType = sourcecode.c.h; path = TKDApp.h; sourceTree = "<group>"; };
		3AD694E5163A1475005AF81E /* TKDApp.m */ = {isa = PBXFileReference; fileEncoding = 4; lastKnownFileType = sourcecode.c.objc; path = TKDApp.m; sourceTree = "<group>"; };
		3AD69507163B4093005AF81E /* TKDAppViewItem.h */ = {isa = PBXFileReference; fileEncoding = 4; lastKnownFileType = sourcecode.c.h; path = TKDAppViewItem.h; sourceTree = "<group>"; };
		3AD69508163B4093005AF81E /* TKDAppViewItem.m */ = {isa = PBXFileReference; fileEncoding = 4; lastKnownFileType = sourcecode.c.objc; path = TKDAppViewItem.m; sourceTree = "<group>"; };
		7523D448445F475BB439A142 /* libPods.a */ = {isa = PBXFileReference; explicitFileType = archive.ar; includeInIndex = 0; path = libPods.a; sourceTree = BUILT_PRODUCTS_DIR; };
		C545BDB9178346D900DACCBD /* TKDTask.h */ = {isa = PBXFileReference; fileEncoding = 4; lastKnownFileType = sourcecode.c.h; path = TKDTask.h; sourceTree = "<group>"; };
		C545BDBA178346D900DACCBD /* TKDTask.m */ = {isa = PBXFileReference; fileEncoding = 4; lastKnownFileType = sourcecode.c.objc; path = TKDTask.m; sourceTree = "<group>"; };
		CD1FCB87169D066C00FB7E36 /* Tokaido.icns */ = {isa = PBXFileReference; lastKnownFileType = image.icns; path = Tokaido.icns; sourceTree = SOURCE_ROOT; };
		CD1FCB89169D0DCE00FB7E36 /* Green@2x.png */ = {isa = PBXFileReference; lastKnownFileType = image.png; path = "Green@2x.png"; sourceTree = "<group>"; };
		CD1FCB8A169D0DCF00FB7E36 /* Red@2x.png */ = {isa = PBXFileReference; lastKnownFileType = image.png; path = "Red@2x.png"; sourceTree = "<group>"; };
		CD1FCB8B169D0DCF00FB7E36 /* Yellow@2x.png */ = {isa = PBXFileReference; lastKnownFileType = image.png; path = "Yellow@2x.png"; sourceTree = "<group>"; };
		CD5A8933170B84EA00217D8A /* Yellow.png */ = {isa = PBXFileReference; lastKnownFileType = image.png; path = Yellow.png; sourceTree = "<group>"; };
		CD5A8935170CC4E800217D8A /* TKDMuxrManager.h */ = {isa = PBXFileReference; fileEncoding = 4; lastKnownFileType = sourcecode.c.h; path = TKDMuxrManager.h; sourceTree = "<group>"; };
		CD5A8936170CC4E900217D8A /* TKDMuxrManager.m */ = {isa = PBXFileReference; fileEncoding = 4; lastKnownFileType = sourcecode.c.objc; path = TKDMuxrManager.m; sourceTree = "<group>"; };
		CD5A897E171380A500217D8A /* TKDEditAppController.h */ = {isa = PBXFileReference; fileEncoding = 4; lastKnownFileType = sourcecode.c.h; path = TKDEditAppController.h; sourceTree = "<group>"; };
		CD5A897F171380A500217D8A /* TKDEditAppController.m */ = {isa = PBXFileReference; fileEncoding = 4; lastKnownFileType = sourcecode.c.objc; path = TKDEditAppController.m; sourceTree = "<group>"; };
		CD5A8981171380E500217D8A /* EditAppWindow.xib */ = {isa = PBXFileReference; fileEncoding = 4; lastKnownFileType = file.xib; path = EditAppWindow.xib; sourceTree = "<group>"; };
		CD5A89891714F0AC00217D8A /* Quartz.framework */ = {isa = PBXFileReference; lastKnownFileType = wrapper.framework; name = Quartz.framework; path = System/Library/Frameworks/Quartz.framework; sourceTree = SDKROOT; };
		CD5A898D171CC96000217D8A /* tokaido-bootstrap.zip */ = {isa = PBXFileReference; lastKnownFileType = archive.zip; path = "tokaido-bootstrap.zip"; sourceTree = "<group>"; };
		CD8285A716559A9D000CB252 /* TKDRailsAppTokenField.h */ = {isa = PBXFileReference; fileEncoding = 4; lastKnownFileType = sourcecode.c.h; path = TKDRailsAppTokenField.h; sourceTree = "<group>"; };
		CD8285A816559A9D000CB252 /* TKDRailsAppTokenField.m */ = {isa = PBXFileReference; fileEncoding = 4; lastKnownFileType = sourcecode.c.objc; path = TKDRailsAppTokenField.m; sourceTree = "<group>"; };
		CD8285AA16559D96000CB252 /* Green.png */ = {isa = PBXFileReference; lastKnownFileType = image.png; path = Green.png; sourceTree = "<group>"; };
		CD8285AB16559D96000CB252 /* Red.png */ = {isa = PBXFileReference; lastKnownFileType = image.png; path = Red.png; sourceTree = "<group>"; };
		CD8285B01655A696000CB252 /* down_arrow.png */ = {isa = PBXFileReference; lastKnownFileType = image.png; path = down_arrow.png; sourceTree = "<group>"; };
		CD8285DC1655B670000CB252 /* TKDAppCollectionView.h */ = {isa = PBXFileReference; fileEncoding = 4; lastKnownFileType = sourcecode.c.h; path = TKDAppCollectionView.h; sourceTree = "<group>"; };
		CD8285DD1655B670000CB252 /* TKDAppCollectionView.m */ = {isa = PBXFileReference; fileEncoding = 4; lastKnownFileType = sourcecode.c.objc; path = TKDAppCollectionView.m; sourceTree = "<group>"; };
		CDA9B855172B42E30027E78B /* llvm-gcc-4.2.zip */ = {isa = PBXFileReference; lastKnownFileType = archive.zip; path = "llvm-gcc-4.2.zip"; sourceTree = "<group>"; };
		CDB963F517288901002A8A43 /* tokaido-gems.zip */ = {isa = PBXFileReference; lastKnownFileType = archive.zip; path = "tokaido-gems.zip"; sourceTree = "<group>"; };
		E4032CA2B44246FFAF8D38DF /* Pods.xcconfig */ = {isa = PBXFileReference; includeInIndex = 1; lastKnownFileType = text.xcconfig; name = Pods.xcconfig; path = Pods/Pods.xcconfig; sourceTree = SOURCE_ROOT; };
/* End PBXFileReference section */

/* Begin PBXFrameworksBuildPhase section */
		3AD6930416373C9F005AF81E /* Frameworks */ = {
			isa = PBXFrameworksBuildPhase;
			buildActionMask = 2147483647;
			files = (
				CD5A898A1714F0AC00217D8A /* Quartz.framework in Frameworks */,
				3A19ECCF163F5B610035ABA2 /* ServiceManagement.framework in Frameworks */,
				3A19ECCD163F5B5C0035ABA2 /* Security.framework in Frameworks */,
				3AD6934B16374795005AF81E /* ScriptingBridge.framework in Frameworks */,
				3AD6930C16373C9F005AF81E /* Cocoa.framework in Frameworks */,
				2ED0D0CF3BDF47DBAFB3E8FC /* libPods.a in Frameworks */,
			);
			runOnlyForDeploymentPostprocessing = 0;
		};
		3AD6932416373C9F005AF81E /* Frameworks */ = {
			isa = PBXFrameworksBuildPhase;
			buildActionMask = 2147483647;
			files = (
				3AD6932A16373C9F005AF81E /* SenTestingKit.framework in Frameworks */,
				3AD6932B16373C9F005AF81E /* Cocoa.framework in Frameworks */,
			);
			runOnlyForDeploymentPostprocessing = 0;
		};
/* End PBXFrameworksBuildPhase section */

/* Begin PBXGroup section */
		3AD692FC16373C9F005AF81E = {
			isa = PBXGroup;
			children = (
				3AD6931116373C9F005AF81E /* Tokaido */,
				3AD6932E16373C9F005AF81E /* TokaidoTests */,
				3AD6930A16373C9F005AF81E /* Frameworks */,
				3AD6930816373C9F005AF81E /* Products */,
			);
			sourceTree = "<group>";
		};
		3AD6930816373C9F005AF81E /* Products */ = {
			isa = PBXGroup;
			children = (
				3AD6930716373C9F005AF81E /* Tokaido.app */,
				3AD6932816373C9F005AF81E /* TokaidoTests.octest */,
			);
			name = Products;
			sourceTree = "<group>";
		};
		3AD6930A16373C9F005AF81E /* Frameworks */ = {
			isa = PBXGroup;
			children = (
				CD5A89891714F0AC00217D8A /* Quartz.framework */,
				3A19ECCE163F5B610035ABA2 /* ServiceManagement.framework */,
				3A19ECCC163F5B5C0035ABA2 /* Security.framework */,
				3AD6934A16374795005AF81E /* ScriptingBridge.framework */,
				3AD6930B16373C9F005AF81E /* Cocoa.framework */,
				3AD6932916373C9F005AF81E /* SenTestingKit.framework */,
				3AD6930D16373C9F005AF81E /* Other Frameworks */,
				7523D448445F475BB439A142 /* libPods.a */,
			);
			name = Frameworks;
			sourceTree = "<group>";
		};
		3AD6930D16373C9F005AF81E /* Other Frameworks */ = {
			isa = PBXGroup;
			children = (
				3AD6930E16373C9F005AF81E /* AppKit.framework */,
				3AD6930F16373C9F005AF81E /* CoreData.framework */,
				3AD6931016373C9F005AF81E /* Foundation.framework */,
			);
			name = "Other Frameworks";
			sourceTree = "<group>";
		};
		3AD6931116373C9F005AF81E /* Tokaido */ = {
			isa = PBXGroup;
			children = (
				3AD6931D16373C9F005AF81E /* TKDAppDelegate.h */,
				3AD6931E16373C9F005AF81E /* TKDAppDelegate.m */,
				CD5A8935170CC4E800217D8A /* TKDMuxrManager.h */,
				CD5A8936170CC4E900217D8A /* TKDMuxrManager.m */,
				3AD693431637436E005AF81E /* TKDTokaidoController.h */,
				3AD693441637436E005AF81E /* TKDTokaidoController.m */,
				3AD6932016373C9F005AF81E /* MainMenu.xib */,
				CD5A897E171380A500217D8A /* TKDEditAppController.h */,
				CD5A897F171380A500217D8A /* TKDEditAppController.m */,
				CD5A8981171380E500217D8A /* EditAppWindow.xib */,
				C545BDB9178346D900DACCBD /* TKDTask.h */,
				C545BDBA178346D900DACCBD /* TKDTask.m */,
				3AD694E3163A1457005AF81E /* Model */,
				3AD694DC1639E905005AF81E /* Images */,
				3AD6935B1639C6FE005AF81E /* Custom Views */,
				3AD6934E1637557D005AF81E /* Ruby Bundles */,
				3AD6931216373C9F005AF81E /* Supporting Files */,
			);
			path = Tokaido;
			sourceTree = "<group>";
		};
		3AD6931216373C9F005AF81E /* Supporting Files */ = {
			isa = PBXGroup;
			children = (
				08783A291784A9AC0071AC1C /* uninstall.sh */,
				E4032CA2B44246FFAF8D38DF /* Pods.xcconfig */,
				3AD69347163746A8005AF81E /* ScriptingBridge */,
				3AD6934C16374989005AF81E /* SetupTokaido.sh */,
				3AD6931316373C9F005AF81E /* Tokaido-Info.plist */,
				3AD6931416373C9F005AF81E /* InfoPlist.strings */,
				3AD6931716373C9F005AF81E /* main.m */,
				3AD6931916373C9F005AF81E /* Tokaido-Prefix.pch */,
				3AD6931A16373C9F005AF81E /* Credits.rtf */,
			);
			name = "Supporting Files";
			sourceTree = "<group>";
		};
		3AD6932E16373C9F005AF81E /* TokaidoTests */ = {
			isa = PBXGroup;
			children = (
				3AD6933416373C9F005AF81E /* TokaidoTests.h */,
				3AD6933516373C9F005AF81E /* TokaidoTests.m */,
				3AD6932F16373C9F005AF81E /* Supporting Files */,
			);
			path = TokaidoTests;
			sourceTree = "<group>";
		};
		3AD6932F16373C9F005AF81E /* Supporting Files */ = {
			isa = PBXGroup;
			children = (
				3AD6933016373C9F005AF81E /* TokaidoTests-Info.plist */,
				3AD6933116373C9F005AF81E /* InfoPlist.strings */,
			);
			name = "Supporting Files";
			sourceTree = "<group>";
		};
		3AD69347163746A8005AF81E /* ScriptingBridge */ = {
			isa = PBXGroup;
			children = (
				3AD69348163746B7005AF81E /* SystemEvents.h */,
				3AD69349163746B7005AF81E /* Terminal.h */,
			);
			name = ScriptingBridge;
			sourceTree = "<group>";
		};
		3AD6934E1637557D005AF81E /* Ruby Bundles */ = {
			isa = PBXGroup;
			children = (
				089C2B961776194D001530DF /* tokaido-bin.zip */,
				08A60A6317564F6A00197C27 /* 2.0.0-p195.zip */,
				CDA9B855172B42E30027E78B /* llvm-gcc-4.2.zip */,
				CDB963F517288901002A8A43 /* tokaido-gems.zip */,
				CD5A898D171CC96000217D8A /* tokaido-bootstrap.zip */,
				3AD6934F16375589005AF81E /* 1.9.3-p194.zip */,
			);
			name = "Ruby Bundles";
			sourceTree = "<group>";
		};
		3AD6935B1639C6FE005AF81E /* Custom Views */ = {
			isa = PBXGroup;
			children = (
				CD8285DC1655B670000CB252 /* TKDAppCollectionView.h */,
				CD8285DD1655B670000CB252 /* TKDAppCollectionView.m */,
				3AD694E11639F9D5005AF81E /* TKDAppViewItem.xib */,
				3AD69507163B4093005AF81E /* TKDAppViewItem.h */,
				3AD69508163B4093005AF81E /* TKDAppViewItem.m */,
				3A19ECE416406F5B0035ABA2 /* TKDSelectableIcon.h */,
				3A19ECE516406F5B0035ABA2 /* TKDSelectableIcon.m */,
				CD8285A716559A9D000CB252 /* TKDRailsAppTokenField.h */,
				CD8285A816559A9D000CB252 /* TKDRailsAppTokenField.m */,
			);
			name = "Custom Views";
			sourceTree = "<group>";
		};
		3AD694DC1639E905005AF81E /* Images */ = {
			isa = PBXGroup;
			children = (
				08783A2D1785D5450071AC1C /* gnome-terminal.png */,
				08783A2F1785D7250071AC1C /* power-control.png */,
				CD1FCB86169D047B00FB7E36 /* Icon */,
				CD8285B01655A696000CB252 /* down_arrow.png */,
				CD1FCB8F169D0DE500FB7E36 /* Gems */,
				3A19ECEB1640777E0035ABA2 /* TKIconRuby.png */,
				3A19ECEC1640777E0035ABA2 /* TKIconRuby@2x.png */,
				3A19ECE71640734F0035ABA2 /* TKAppIconBackground.png */,
				3A19ECE81640734F0035ABA2 /* TKAppIconBackground@2x.png */,
			);
			name = Images;
			sourceTree = "<group>";
		};
		3AD694E3163A1457005AF81E /* Model */ = {
			isa = PBXGroup;
			children = (
				3AD694E4163A1475005AF81E /* TKDApp.h */,
				3AD694E5163A1475005AF81E /* TKDApp.m */,
			);
			name = Model;
			sourceTree = "<group>";
		};
		CD1FCB86169D047B00FB7E36 /* Icon */ = {
			isa = PBXGroup;
			children = (
				CD1FCB87169D066C00FB7E36 /* Tokaido.icns */,
			);
			name = Icon;
			sourceTree = "<group>";
		};
		CD1FCB8F169D0DE500FB7E36 /* Gems */ = {
			isa = PBXGroup;
			children = (
				CD8285AA16559D96000CB252 /* Green.png */,
				CD5A8933170B84EA00217D8A /* Yellow.png */,
				CD8285AB16559D96000CB252 /* Red.png */,
				CD1FCB89169D0DCE00FB7E36 /* Green@2x.png */,
				CD1FCB8A169D0DCF00FB7E36 /* Red@2x.png */,
				CD1FCB8B169D0DCF00FB7E36 /* Yellow@2x.png */,
			);
			name = Gems;
			sourceTree = "<group>";
		};
/* End PBXGroup section */

/* Begin PBXNativeTarget section */
		3AD6930616373C9F005AF81E /* Tokaido */ = {
			isa = PBXNativeTarget;
			buildConfigurationList = 3AD6933916373C9F005AF81E /* Build configuration list for PBXNativeTarget "Tokaido" */;
			buildPhases = (
				3AD6930316373C9F005AF81E /* Sources */,
				3AD6930416373C9F005AF81E /* Frameworks */,
				3AD6930516373C9F005AF81E /* Resources */,
				3AD6935116375C8F005AF81E /* CopyFiles */,
				19D09BFA9B9E4F4F9E39E605 /* Copy Pods Resources */,
			);
			buildRules = (
			);
			dependencies = (
			);
			name = Tokaido;
			productName = Tokaido;
			productReference = 3AD6930716373C9F005AF81E /* Tokaido.app */;
			productType = "com.apple.product-type.application";
		};
		3AD6932716373C9F005AF81E /* TokaidoTests */ = {
			isa = PBXNativeTarget;
			buildConfigurationList = 3AD6933C16373C9F005AF81E /* Build configuration list for PBXNativeTarget "TokaidoTests" */;
			buildPhases = (
				3AD6932316373C9F005AF81E /* Sources */,
				3AD6932416373C9F005AF81E /* Frameworks */,
				3AD6932516373C9F005AF81E /* Resources */,
				3AD6932616373C9F005AF81E /* ShellScript */,
			);
			buildRules = (
			);
			dependencies = (
				3AD6932D16373C9F005AF81E /* PBXTargetDependency */,
			);
			name = TokaidoTests;
			productName = TokaidoTests;
			productReference = 3AD6932816373C9F005AF81E /* TokaidoTests.octest */;
			productType = "com.apple.product-type.bundle";
		};
/* End PBXNativeTarget section */

/* Begin PBXProject section */
		3AD692FE16373C9F005AF81E /* Project object */ = {
			isa = PBXProject;
			attributes = {
				CLASSPREFIX = TKD;
				LastUpgradeCheck = 0500;
				ORGANIZATIONNAME = Tilde;
			};
			buildConfigurationList = 3AD6930116373C9F005AF81E /* Build configuration list for PBXProject "Tokaido" */;
			compatibilityVersion = "Xcode 3.2";
			developmentRegion = English;
			hasScannedForEncodings = 0;
			knownRegions = (
				en,
			);
			mainGroup = 3AD692FC16373C9F005AF81E;
			productRefGroup = 3AD6930816373C9F005AF81E /* Products */;
			projectDirPath = "";
			projectRoot = "";
			targets = (
				3AD6930616373C9F005AF81E /* Tokaido */,
				3AD6932716373C9F005AF81E /* TokaidoTests */,
			);
		};
/* End PBXProject section */

/* Begin PBXResourcesBuildPhase section */
		3AD6930516373C9F005AF81E /* Resources */ = {
			isa = PBXResourcesBuildPhase;
			buildActionMask = 2147483647;
			files = (
				08783A2E1785D5450071AC1C /* gnome-terminal.png in Resources */,
				3AD6931616373C9F005AF81E /* InfoPlist.strings in Resources */,
				3AD6931C16373C9F005AF81E /* Credits.rtf in Resources */,
				08783A301785D7250071AC1C /* power-control.png in Resources */,
				3AD6932216373C9F005AF81E /* MainMenu.xib in Resources */,
				3AD6934D16374989005AF81E /* SetupTokaido.sh in Resources */,
				3AD694E21639F9D5005AF81E /* TKDAppViewItem.xib in Resources */,
				3A19ECE91640734F0035ABA2 /* TKAppIconBackground.png in Resources */,
				3A19ECEA1640734F0035ABA2 /* TKAppIconBackground@2x.png in Resources */,
				3A19ECED1640777E0035ABA2 /* TKIconRuby.png in Resources */,
				3A19ECEE1640777E0035ABA2 /* TKIconRuby@2x.png in Resources */,
				CD8285AD16559D96000CB252 /* Green.png in Resources */,
				CD8285AE16559D96000CB252 /* Red.png in Resources */,
				CD8285B11655A696000CB252 /* down_arrow.png in Resources */,
				CD1FCB88169D066C00FB7E36 /* Tokaido.icns in Resources */,
				CD1FCB8C169D0DCF00FB7E36 /* Green@2x.png in Resources */,
				CD1FCB8D169D0DCF00FB7E36 /* Red@2x.png in Resources */,
				08783A2A1784A9AC0071AC1C /* uninstall.sh in Resources */,
				CD1FCB8E169D0DCF00FB7E36 /* Yellow@2x.png in Resources */,
				CD5A8934170B84EA00217D8A /* Yellow.png in Resources */,
				CD5A8982171380E500217D8A /* EditAppWindow.xib in Resources */,
				CD5A898E171CC96000217D8A /* tokaido-bootstrap.zip in Resources */,
				CDB963F617288901002A8A43 /* tokaido-gems.zip in Resources */,
				CDA9B856172B42E30027E78B /* llvm-gcc-4.2.zip in Resources */,
				08A60A6417564F6A00197C27 /* 2.0.0-p195.zip in Resources */,
				089C2B971776194D001530DF /* tokaido-bin.zip in Resources */,
			);
			runOnlyForDeploymentPostprocessing = 0;
		};
		3AD6932516373C9F005AF81E /* Resources */ = {
			isa = PBXResourcesBuildPhase;
			buildActionMask = 2147483647;
			files = (
				3AD6933316373C9F005AF81E /* InfoPlist.strings in Resources */,
			);
			runOnlyForDeploymentPostprocessing = 0;
		};
/* End PBXResourcesBuildPhase section */

/* Begin PBXShellScriptBuildPhase section */
		19D09BFA9B9E4F4F9E39E605 /* Copy Pods Resources */ = {
			isa = PBXShellScriptBuildPhase;
			buildActionMask = 2147483647;
			files = (
			);
			inputPaths = (
			);
			name = "Copy Pods Resources";
			outputPaths = (
			);
			runOnlyForDeploymentPostprocessing = 0;
			shellPath = /bin/sh;
			shellScript = "\"${SRCROOT}/Pods/Pods-resources.sh\"\n";
		};
		3AD6932616373C9F005AF81E /* ShellScript */ = {
			isa = PBXShellScriptBuildPhase;
			buildActionMask = 2147483647;
			files = (
			);
			inputPaths = (
			);
			outputPaths = (
			);
			runOnlyForDeploymentPostprocessing = 0;
			shellPath = /bin/sh;
			shellScript = "# Run the unit tests in this test bundle.\n\"${SYSTEM_DEVELOPER_DIR}/Tools/RunUnitTests\"\n";
		};
/* End PBXShellScriptBuildPhase section */

/* Begin PBXSourcesBuildPhase section */
		3AD6930316373C9F005AF81E /* Sources */ = {
			isa = PBXSourcesBuildPhase;
			buildActionMask = 2147483647;
			files = (
				3AD6931816373C9F005AF81E /* main.m in Sources */,
				3AD6931F16373C9F005AF81E /* TKDAppDelegate.m in Sources */,
				3AD693451637436E005AF81E /* TKDTokaidoController.m in Sources */,
				3AD694E6163A1475005AF81E /* TKDApp.m in Sources */,
				3AD69509163B4093005AF81E /* TKDAppViewItem.m in Sources */,
				3A19ECE616406F5B0035ABA2 /* TKDSelectableIcon.m in Sources */,
				CD8285A916559A9D000CB252 /* TKDRailsAppTokenField.m in Sources */,
				CD8285DF1655B7DF000CB252 /* TKDAppCollectionView.m in Sources */,
				C545BDBB178346D900DACCBD /* TKDTask.m in Sources */,
				CD5A8937170CC4E900217D8A /* TKDMuxrManager.m in Sources */,
				CD5A8980171380A600217D8A /* TKDEditAppController.m in Sources */,
			);
			runOnlyForDeploymentPostprocessing = 0;
		};
		3AD6932316373C9F005AF81E /* Sources */ = {
			isa = PBXSourcesBuildPhase;
			buildActionMask = 2147483647;
			files = (
				C545BDBC178346D900DACCBD /* TKDTask.m in Sources */,
				3AD6933616373C9F005AF81E /* TokaidoTests.m in Sources */,
			);
			runOnlyForDeploymentPostprocessing = 0;
		};
/* End PBXSourcesBuildPhase section */

/* Begin PBXTargetDependency section */
		3AD6932D16373C9F005AF81E /* PBXTargetDependency */ = {
			isa = PBXTargetDependency;
			target = 3AD6930616373C9F005AF81E /* Tokaido */;
			targetProxy = 3AD6932C16373C9F005AF81E /* PBXContainerItemProxy */;
		};
/* End PBXTargetDependency section */

/* Begin PBXVariantGroup section */
		3AD6931416373C9F005AF81E /* InfoPlist.strings */ = {
			isa = PBXVariantGroup;
			children = (
				3AD6931516373C9F005AF81E /* en */,
			);
			name = InfoPlist.strings;
			sourceTree = "<group>";
		};
		3AD6931A16373C9F005AF81E /* Credits.rtf */ = {
			isa = PBXVariantGroup;
			children = (
				3AD6931B16373C9F005AF81E /* en */,
			);
			name = Credits.rtf;
			sourceTree = "<group>";
		};
		3AD6932016373C9F005AF81E /* MainMenu.xib */ = {
			isa = PBXVariantGroup;
			children = (
				3AD6932116373C9F005AF81E /* en */,
			);
			name = MainMenu.xib;
			sourceTree = "<group>";
		};
		3AD6933116373C9F005AF81E /* InfoPlist.strings */ = {
			isa = PBXVariantGroup;
			children = (
				3AD6933216373C9F005AF81E /* en */,
			);
			name = InfoPlist.strings;
			sourceTree = "<group>";
		};
/* End PBXVariantGroup section */

/* Begin XCBuildConfiguration section */
		3AD6933716373C9F005AF81E /* Debug */ = {
			isa = XCBuildConfiguration;
			buildSettings = {
				ALWAYS_SEARCH_USER_PATHS = NO;
				CLANG_CXX_LANGUAGE_STANDARD = "gnu++0x";
				CLANG_CXX_LIBRARY = "libc++";
				CLANG_ENABLE_OBJC_ARC = YES;
				CLANG_WARN_EMPTY_BODY = YES;
				CLANG_WARN__DUPLICATE_METHOD_MATCH = YES;
				COPY_PHASE_STRIP = NO;
				GCC_C_LANGUAGE_STANDARD = gnu99;
				GCC_DYNAMIC_NO_PIC = NO;
				GCC_ENABLE_OBJC_EXCEPTIONS = YES;
				GCC_OPTIMIZATION_LEVEL = 0;
				GCC_PREPROCESSOR_DEFINITIONS = (
					"DEBUG=1",
					"$(inherited)",
				);
				GCC_SYMBOLS_PRIVATE_EXTERN = NO;
				GCC_WARN_64_TO_32_BIT_CONVERSION = YES;
				GCC_WARN_ABOUT_RETURN_TYPE = YES;
				GCC_WARN_UNINITIALIZED_AUTOS = YES;
				GCC_WARN_UNUSED_VARIABLE = YES;
				MACOSX_DEPLOYMENT_TARGET = 10.8;
				ONLY_ACTIVE_ARCH = YES;
				SDKROOT = macosx;
			};
			name = Debug;
		};
		3AD6933816373C9F005AF81E /* Release */ = {
			isa = XCBuildConfiguration;
			buildSettings = {
				ALWAYS_SEARCH_USER_PATHS = NO;
				CLANG_CXX_LANGUAGE_STANDARD = "gnu++0x";
				CLANG_CXX_LIBRARY = "libc++";
				CLANG_ENABLE_OBJC_ARC = YES;
				CLANG_WARN_EMPTY_BODY = YES;
				CLANG_WARN__DUPLICATE_METHOD_MATCH = YES;
				COPY_PHASE_STRIP = YES;
				DEBUG_INFORMATION_FORMAT = "dwarf-with-dsym";
				GCC_C_LANGUAGE_STANDARD = gnu99;
				GCC_ENABLE_OBJC_EXCEPTIONS = YES;
				GCC_WARN_64_TO_32_BIT_CONVERSION = YES;
				GCC_WARN_ABOUT_RETURN_TYPE = YES;
				GCC_WARN_UNINITIALIZED_AUTOS = YES;
				GCC_WARN_UNUSED_VARIABLE = YES;
				MACOSX_DEPLOYMENT_TARGET = 10.8;
				SDKROOT = macosx;
			};
			name = Release;
		};
		3AD6933A16373C9F005AF81E /* Debug */ = {
			isa = XCBuildConfiguration;
			baseConfigurationReference = E4032CA2B44246FFAF8D38DF /* Pods.xcconfig */;
			buildSettings = {
				COMBINE_HIDPI_IMAGES = YES;
				COPYING_PRESERVES_HFS_DATA = YES;
				GCC_PRECOMPILE_PREFIX_HEADER = YES;
				GCC_PREFIX_HEADER = "Tokaido/Tokaido-Prefix.pch";
				INFOPLIST_FILE = "Tokaido/Tokaido-Info.plist";
				PRODUCT_NAME = "$(TARGET_NAME)";
				WRAPPER_EXTENSION = app;
			};
			name = Debug;
		};
		3AD6933B16373C9F005AF81E /* Release */ = {
			isa = XCBuildConfiguration;
			baseConfigurationReference = E4032CA2B44246FFAF8D38DF /* Pods.xcconfig */;
			buildSettings = {
				COMBINE_HIDPI_IMAGES = YES;
				COPYING_PRESERVES_HFS_DATA = YES;
				GCC_PRECOMPILE_PREFIX_HEADER = YES;
				GCC_PREFIX_HEADER = "Tokaido/Tokaido-Prefix.pch";
				INFOPLIST_FILE = "Tokaido/Tokaido-Info.plist";
				PRODUCT_NAME = "$(TARGET_NAME)";
				WRAPPER_EXTENSION = app;
			};
			name = Release;
		};
		3AD6933D16373C9F005AF81E /* Debug */ = {
			isa = XCBuildConfiguration;
			buildSettings = {
				BUNDLE_LOADER = "$(BUILT_PRODUCTS_DIR)/Tokaido.app/Contents/MacOS/Tokaido";
				COMBINE_HIDPI_IMAGES = YES;
				FRAMEWORK_SEARCH_PATHS = "\"$(DEVELOPER_LIBRARY_DIR)/Frameworks\"";
				GCC_PRECOMPILE_PREFIX_HEADER = YES;
				GCC_PREFIX_HEADER = "Tokaido/Tokaido-Prefix.pch";
				INFOPLIST_FILE = "TokaidoTests/TokaidoTests-Info.plist";
				PRODUCT_NAME = "$(TARGET_NAME)";
				TEST_HOST = "$(BUNDLE_LOADER)";
				WRAPPER_EXTENSION = octest;
			};
			name = Debug;
		};
		3AD6933E16373C9F005AF81E /* Release */ = {
			isa = XCBuildConfiguration;
			buildSettings = {
				BUNDLE_LOADER = "$(BUILT_PRODUCTS_DIR)/Tokaido.app/Contents/MacOS/Tokaido";
				COMBINE_HIDPI_IMAGES = YES;
				FRAMEWORK_SEARCH_PATHS = "\"$(DEVELOPER_LIBRARY_DIR)/Frameworks\"";
				GCC_PRECOMPILE_PREFIX_HEADER = YES;
				GCC_PREFIX_HEADER = "Tokaido/Tokaido-Prefix.pch";
				INFOPLIST_FILE = "TokaidoTests/TokaidoTests-Info.plist";
				PRODUCT_NAME = "$(TARGET_NAME)";
				TEST_HOST = "$(BUNDLE_LOADER)";
				WRAPPER_EXTENSION = octest;
			};
			name = Release;
		};
/* End XCBuildConfiguration section */

/* Begin XCConfigurationList section */
		3AD6930116373C9F005AF81E /* Build configuration list for PBXProject "Tokaido" */ = {
			isa = XCConfigurationList;
			buildConfigurations = (
				3AD6933716373C9F005AF81E /* Debug */,
				3AD6933816373C9F005AF81E /* Release */,
			);
			defaultConfigurationIsVisible = 0;
			defaultConfigurationName = Release;
		};
		3AD6933916373C9F005AF81E /* Build configuration list for PBXNativeTarget "Tokaido" */ = {
			isa = XCConfigurationList;
			buildConfigurations = (
				3AD6933A16373C9F005AF81E /* Debug */,
				3AD6933B16373C9F005AF81E /* Release */,
			);
			defaultConfigurationIsVisible = 0;
			defaultConfigurationName = Release;
		};
		3AD6933C16373C9F005AF81E /* Build configuration list for PBXNativeTarget "TokaidoTests" */ = {
			isa = XCConfigurationList;
			buildConfigurations = (
				3AD6933D16373C9F005AF81E /* Debug */,
				3AD6933E16373C9F005AF81E /* Release */,
			);
			defaultConfigurationIsVisible = 0;
			defaultConfigurationName = Release;
		};
/* End XCConfigurationList section */
	};
	rootObject = 3AD692FE16373C9F005AF81E /* Project object */;
}
