PODS:
  - CocoaAsyncSocket (0.0.1)
  - libextobjc/EXTConcreteProtocol (0.2.5):
    - libextobjc/RuntimeExtensions
  - libextobjc/EXTKeyPathCoding (0.2.5):
    - libextobjc/RuntimeExtensions
  - libextobjc/EXTScope (0.2.5):
    - libextobjc/RuntimeExtensions
  - libextobjc/RuntimeExtensions (0.2.5)
  - LibYAML (0.1.4)
  - Mantle (1.5.4):
    - Mantle/extobjc (= 1.5.4)
  - Mantle/extobjc (1.5.4)
  - YAML-Framework (0.0.2):
    - LibYAML (~> 0.1.4)

DEPENDENCIES:
  - CocoaAsyncSocket (from `https://github.com/tokaido/CocoaAsyncSocket`, branch `socketUN`)
  - libextobjc/EXTConcreteProtocol (~> 0.2.5)
  - libextobjc/EXTKeyPathCoding (~> 0.2.5)
  - libextobjc/EXTScope (~> 0.2.5)
  - Mantle (~> 1.0)
  - YAML-Framework (~> 0.0.1)

EXTERNAL SOURCES:
  CocoaAsyncSocket:
    :branch: socketUN
    :git: https://github.com/tokaido/CocoaAsyncSocket

CHECKOUT OPTIONS:
  CocoaAsyncSocket:
    :commit: f2c0952e3c24e9221ef8c2dc87e30b3051846fe9
    :git: https://github.com/tokaido/CocoaAsyncSocket

SPEC CHECKSUMS:
  CocoaAsyncSocket: 7bf3f5279a848f62f39a22b78785e0298905053f
  libextobjc: 8c105ed22b1f05d44c102bf04f3e0f0c468a40ca
  LibYAML: 3af2c5adf3a40dff936d087aa6a77edc10036bc5
  Mantle: 60acd0cd363e27d945bda0a6b8e90577112d28f3
  YAML-Framework: 6fe698e19d39d778829f5937e39d1e6bc12afd7b

COCOAPODS: 0.36.0
